// !$*UTF8*$!
{
	archiveVersion = 1;
	classes = {
	};
	objectVersion = 51;
	objects = {

/* Begin PBXBuildFile section */
		07307E6924B0DD770033D645 /* AppDelegate.swift in Sources */ = {isa = PBXBuildFile; fileRef = 07307E6824B0DD770033D645 /* AppDelegate.swift */; };
		07307E6B24B0DD770033D645 /* SceneDelegate.swift in Sources */ = {isa = PBXBuildFile; fileRef = 07307E6A24B0DD770033D645 /* SceneDelegate.swift */; };
		07307E6D24B0DD770033D645 /* AllSavedBooksViewController.swift in Sources */ = {isa = PBXBuildFile; fileRef = 07307E6C24B0DD770033D645 /* AllSavedBooksViewController.swift */; };
		07307E7524B0DD790033D645 /* LaunchScreen.storyboard in Resources */ = {isa = PBXBuildFile; fileRef = 07307E7324B0DD790033D645 /* LaunchScreen.storyboard */; };
		07307E8324B0DF6D0033D645 /* LoginViewController.swift in Sources */ = {isa = PBXBuildFile; fileRef = 07307E8224B0DF6D0033D645 /* LoginViewController.swift */; };
		07307E8524B0DF790033D645 /* RegisterViewController.swift in Sources */ = {isa = PBXBuildFile; fileRef = 07307E8424B0DF790033D645 /* RegisterViewController.swift */; };
		07307E8724B0DF9B0033D645 /* PhotoViewerViewController.swift in Sources */ = {isa = PBXBuildFile; fileRef = 07307E8624B0DF9B0033D645 /* PhotoViewerViewController.swift */; };
		07307E8924B0DFA40033D645 /* VideoPlayerViewController.swift in Sources */ = {isa = PBXBuildFile; fileRef = 07307E8824B0DFA40033D645 /* VideoPlayerViewController.swift */; };
		07307E8B24B0DFC20033D645 /* NewConversationViewController.swift in Sources */ = {isa = PBXBuildFile; fileRef = 07307E8A24B0DFC20033D645 /* NewConversationViewController.swift */; };
		07307E8D24B0DFD00033D645 /* ProfileViewController.swift in Sources */ = {isa = PBXBuildFile; fileRef = 07307E8C24B0DFD00033D645 /* ProfileViewController.swift */; };
		07307E9024B0E5C20033D645 /* Extensions.swift in Sources */ = {isa = PBXBuildFile; fileRef = 07307E8F24B0E5C20033D645 /* Extensions.swift */; };
		07307E9224B106500033D645 /* GoogleService-Info.plist in Resources */ = {isa = PBXBuildFile; fileRef = 07307E9124B106500033D645 /* GoogleService-Info.plist */; };
		07307E9424B1183E0033D645 /* DatabaseManager.swift in Sources */ = {isa = PBXBuildFile; fileRef = 07307E9324B1183E0033D645 /* DatabaseManager.swift */; };
		07307E9624B153C20033D645 /* SearchViewController.swift in Sources */ = {isa = PBXBuildFile; fileRef = 07307E9524B153C20033D645 /* SearchViewController.swift */; };
		07307E9824B154D90033D645 /* BookManager.swift in Sources */ = {isa = PBXBuildFile; fileRef = 07307E9724B154D90033D645 /* BookManager.swift */; };
		07307E9A24B154F40033D645 /* BookData.swift in Sources */ = {isa = PBXBuildFile; fileRef = 07307E9924B154F40033D645 /* BookData.swift */; };
		07307E9C24B155130033D645 /* BookModel.swift in Sources */ = {isa = PBXBuildFile; fileRef = 07307E9B24B155130033D645 /* BookModel.swift */; };
		07307EA224B378BD0033D645 /* Constants.swift in Sources */ = {isa = PBXBuildFile; fileRef = 07307EA124B378BD0033D645 /* Constants.swift */; };
		07307EA424B3B5600033D645 /* CustomBookListCellTableViewCell.swift in Sources */ = {isa = PBXBuildFile; fileRef = 07307EA324B3B5600033D645 /* CustomBookListCellTableViewCell.swift */; };
		07307EA624B3B9D40033D645 /* Book.swift in Sources */ = {isa = PBXBuildFile; fileRef = 07307EA524B3B9D40033D645 /* Book.swift */; };
		079A687324BCF41900C1D70C /* UnreadBooksViewController.swift in Sources */ = {isa = PBXBuildFile; fileRef = 079A687224BCF41900C1D70C /* UnreadBooksViewController.swift */; };
		07D5ACE024B3D1360062DD1D /* HTTPHandler.swift in Sources */ = {isa = PBXBuildFile; fileRef = 07D5ACDF24B3D1360062DD1D /* HTTPHandler.swift */; };
		07D5ACE224B3D3CB0062DD1D /* JSONParser.swift in Sources */ = {isa = PBXBuildFile; fileRef = 07D5ACE124B3D3CB0062DD1D /* JSONParser.swift */; };
		07D5ACE424B3D8740062DD1D /* BookDataProcesser.swift in Sources */ = {isa = PBXBuildFile; fileRef = 07D5ACE324B3D8740062DD1D /* BookDataProcesser.swift */; };
		07D5ACE724B4D91C0062DD1D /* BookDetailsPageViewController.swift in Sources */ = {isa = PBXBuildFile; fileRef = 07D5ACE624B4D91C0062DD1D /* BookDetailsPageViewController.swift */; };
		07D5ACE924B4FD6A0062DD1D /* Main.storyboard in Resources */ = {isa = PBXBuildFile; fileRef = 07D5ACE824B4FD6A0062DD1D /* Main.storyboard */; };
		07D5ACEB24B4FFF50062DD1D /* CacheManager.swift in Sources */ = {isa = PBXBuildFile; fileRef = 07D5ACEA24B4FFF50062DD1D /* CacheManager.swift */; };
		07D5ACED24B646C50062DD1D /* ConversationsViewController.swift in Sources */ = {isa = PBXBuildFile; fileRef = 07D5ACEC24B646C50062DD1D /* ConversationsViewController.swift */; };
		07D5ACEF24B64D4E0062DD1D /* ChatViewController.swift in Sources */ = {isa = PBXBuildFile; fileRef = 07D5ACEE24B64D4E0062DD1D /* ChatViewController.swift */; };
		07D5ACF124B65EAB0062DD1D /* StorageManager.swift in Sources */ = {isa = PBXBuildFile; fileRef = 07D5ACF024B65EAB0062DD1D /* StorageManager.swift */; };
		07D5ACF324B686F70062DD1D /* AllUserBooksViewController.swift in Sources */ = {isa = PBXBuildFile; fileRef = 07D5ACF224B686F70062DD1D /* AllUserBooksViewController.swift */; };
		07D5ACF724B7E88E0062DD1D /* ConversationTableViewCell.swift in Sources */ = {isa = PBXBuildFile; fileRef = 07D5ACF624B7E88E0062DD1D /* ConversationTableViewCell.swift */; };
		07D5ACF924B8BB540062DD1D /* Assets.xcassets in Resources */ = {isa = PBXBuildFile; fileRef = 07D5ACF824B8BB540062DD1D /* Assets.xcassets */; };
		07D5AD0024BA532F0062DD1D /* SavedBooksTableViewCell.swift in Sources */ = {isa = PBXBuildFile; fileRef = 07D5ACFE24BA532F0062DD1D /* SavedBooksTableViewCell.swift */; };
		07D5AD0124BA532F0062DD1D /* SavedBooksTableViewCell.xib in Resources */ = {isa = PBXBuildFile; fileRef = 07D5ACFF24BA532F0062DD1D /* SavedBooksTableViewCell.xib */; };
		07D5AD0324BA61E80062DD1D /* SavedBookDetailsViewController.swift in Sources */ = {isa = PBXBuildFile; fileRef = 07D5AD0224BA61E80062DD1D /* SavedBookDetailsViewController.swift */; };
		3EBF058B49513DA8F6555303 /* Pods_Sunday_Morning_2.framework in Frameworks */ = {isa = PBXBuildFile; fileRef = 5B985E031566FF16B4312CF1 /* Pods_Sunday_Morning_2.framework */; };
/* End PBXBuildFile section */

/* Begin PBXFileReference section */
		07307E6524B0DD770033D645 /* Sunday Morning 2.app */ = {isa = PBXFileReference; explicitFileType = wrapper.application; includeInIndex = 0; path = "Sunday Morning 2.app"; sourceTree = BUILT_PRODUCTS_DIR; };
		07307E6824B0DD770033D645 /* AppDelegate.swift */ = {isa = PBXFileReference; lastKnownFileType = sourcecode.swift; path = AppDelegate.swift; sourceTree = "<group>"; };
		07307E6A24B0DD770033D645 /* SceneDelegate.swift */ = {isa = PBXFileReference; lastKnownFileType = sourcecode.swift; path = SceneDelegate.swift; sourceTree = "<group>"; };
		07307E6C24B0DD770033D645 /* AllSavedBooksViewController.swift */ = {isa = PBXFileReference; lastKnownFileType = sourcecode.swift; path = AllSavedBooksViewController.swift; sourceTree = "<group>"; };
		07307E7424B0DD790033D645 /* Base */ = {isa = PBXFileReference; lastKnownFileType = file.storyboard; name = Base; path = Base.lproj/LaunchScreen.storyboard; sourceTree = "<group>"; };
		07307E7624B0DD790033D645 /* Info.plist */ = {isa = PBXFileReference; lastKnownFileType = text.plist.xml; path = Info.plist; sourceTree = "<group>"; };
		07307E8224B0DF6D0033D645 /* LoginViewController.swift */ = {isa = PBXFileReference; lastKnownFileType = sourcecode.swift; path = LoginViewController.swift; sourceTree = "<group>"; };
		07307E8424B0DF790033D645 /* RegisterViewController.swift */ = {isa = PBXFileReference; lastKnownFileType = sourcecode.swift; path = RegisterViewController.swift; sourceTree = "<group>"; };
		07307E8624B0DF9B0033D645 /* PhotoViewerViewController.swift */ = {isa = PBXFileReference; lastKnownFileType = sourcecode.swift; path = PhotoViewerViewController.swift; sourceTree = "<group>"; };
		07307E8824B0DFA40033D645 /* VideoPlayerViewController.swift */ = {isa = PBXFileReference; lastKnownFileType = sourcecode.swift; path = VideoPlayerViewController.swift; sourceTree = "<group>"; };
		07307E8A24B0DFC20033D645 /* NewConversationViewController.swift */ = {isa = PBXFileReference; lastKnownFileType = sourcecode.swift; path = NewConversationViewController.swift; sourceTree = "<group>"; };
		07307E8C24B0DFD00033D645 /* ProfileViewController.swift */ = {isa = PBXFileReference; lastKnownFileType = sourcecode.swift; path = ProfileViewController.swift; sourceTree = "<group>"; };
		07307E8F24B0E5C20033D645 /* Extensions.swift */ = {isa = PBXFileReference; lastKnownFileType = sourcecode.swift; path = Extensions.swift; sourceTree = "<group>"; };
		07307E9124B106500033D645 /* GoogleService-Info.plist */ = {isa = PBXFileReference; fileEncoding = 4; lastKnownFileType = text.plist.xml; path = "GoogleService-Info.plist"; sourceTree = "<group>"; };
		07307E9324B1183E0033D645 /* DatabaseManager.swift */ = {isa = PBXFileReference; lastKnownFileType = sourcecode.swift; path = DatabaseManager.swift; sourceTree = "<group>"; };
		07307E9524B153C20033D645 /* SearchViewController.swift */ = {isa = PBXFileReference; lastKnownFileType = sourcecode.swift; path = SearchViewController.swift; sourceTree = "<group>"; };
		07307E9724B154D90033D645 /* BookManager.swift */ = {isa = PBXFileReference; lastKnownFileType = sourcecode.swift; path = BookManager.swift; sourceTree = "<group>"; };
		07307E9924B154F40033D645 /* BookData.swift */ = {isa = PBXFileReference; lastKnownFileType = sourcecode.swift; path = BookData.swift; sourceTree = "<group>"; };
		07307E9B24B155130033D645 /* BookModel.swift */ = {isa = PBXFileReference; lastKnownFileType = sourcecode.swift; path = BookModel.swift; sourceTree = "<group>"; };
		07307EA124B378BD0033D645 /* Constants.swift */ = {isa = PBXFileReference; lastKnownFileType = sourcecode.swift; path = Constants.swift; sourceTree = "<group>"; };
		07307EA324B3B5600033D645 /* CustomBookListCellTableViewCell.swift */ = {isa = PBXFileReference; lastKnownFileType = sourcecode.swift; path = CustomBookListCellTableViewCell.swift; sourceTree = "<group>"; };
		07307EA524B3B9D40033D645 /* Book.swift */ = {isa = PBXFileReference; lastKnownFileType = sourcecode.swift; path = Book.swift; sourceTree = "<group>"; };
		079A687224BCF41900C1D70C /* UnreadBooksViewController.swift */ = {isa = PBXFileReference; lastKnownFileType = sourcecode.swift; path = UnreadBooksViewController.swift; sourceTree = "<group>"; };
		07D5ACDF24B3D1360062DD1D /* HTTPHandler.swift */ = {isa = PBXFileReference; lastKnownFileType = sourcecode.swift; path = HTTPHandler.swift; sourceTree = "<group>"; };
		07D5ACE124B3D3CB0062DD1D /* JSONParser.swift */ = {isa = PBXFileReference; lastKnownFileType = sourcecode.swift; path = JSONParser.swift; sourceTree = "<group>"; };
		07D5ACE324B3D8740062DD1D /* BookDataProcesser.swift */ = {isa = PBXFileReference; lastKnownFileType = sourcecode.swift; path = BookDataProcesser.swift; sourceTree = "<group>"; };
		07D5ACE624B4D91C0062DD1D /* BookDetailsPageViewController.swift */ = {isa = PBXFileReference; lastKnownFileType = sourcecode.swift; path = BookDetailsPageViewController.swift; sourceTree = "<group>"; };
		07D5ACE824B4FD6A0062DD1D /* Main.storyboard */ = {isa = PBXFileReference; fileEncoding = 4; lastKnownFileType = file.storyboard; path = Main.storyboard; sourceTree = "<group>"; };
		07D5ACEA24B4FFF50062DD1D /* CacheManager.swift */ = {isa = PBXFileReference; lastKnownFileType = sourcecode.swift; path = CacheManager.swift; sourceTree = "<group>"; };
		07D5ACEC24B646C50062DD1D /* ConversationsViewController.swift */ = {isa = PBXFileReference; lastKnownFileType = sourcecode.swift; path = ConversationsViewController.swift; sourceTree = "<group>"; };
		07D5ACEE24B64D4E0062DD1D /* ChatViewController.swift */ = {isa = PBXFileReference; lastKnownFileType = sourcecode.swift; path = ChatViewController.swift; sourceTree = "<group>"; };
		07D5ACF024B65EAB0062DD1D /* StorageManager.swift */ = {isa = PBXFileReference; lastKnownFileType = sourcecode.swift; path = StorageManager.swift; sourceTree = "<group>"; };
		07D5ACF224B686F70062DD1D /* AllUserBooksViewController.swift */ = {isa = PBXFileReference; lastKnownFileType = sourcecode.swift; path = AllUserBooksViewController.swift; sourceTree = "<group>"; };
		07D5ACF624B7E88E0062DD1D /* ConversationTableViewCell.swift */ = {isa = PBXFileReference; lastKnownFileType = sourcecode.swift; path = ConversationTableViewCell.swift; sourceTree = "<group>"; };
		07D5ACF824B8BB540062DD1D /* Assets.xcassets */ = {isa = PBXFileReference; lastKnownFileType = folder.assetcatalog; path = Assets.xcassets; sourceTree = "<group>"; };
		07D5ACFE24BA532F0062DD1D /* SavedBooksTableViewCell.swift */ = {isa = PBXFileReference; lastKnownFileType = sourcecode.swift; path = SavedBooksTableViewCell.swift; sourceTree = "<group>"; };
		07D5ACFF24BA532F0062DD1D /* SavedBooksTableViewCell.xib */ = {isa = PBXFileReference; lastKnownFileType = file.xib; path = SavedBooksTableViewCell.xib; sourceTree = "<group>"; };
		07D5AD0224BA61E80062DD1D /* SavedBookDetailsViewController.swift */ = {isa = PBXFileReference; lastKnownFileType = sourcecode.swift; path = SavedBookDetailsViewController.swift; sourceTree = "<group>"; };
		2986CA07FF0A37AA22848016 /* Pods-Sunday Morning 2.debug.xcconfig */ = {isa = PBXFileReference; includeInIndex = 1; lastKnownFileType = text.xcconfig; name = "Pods-Sunday Morning 2.debug.xcconfig"; path = "Target Support Files/Pods-Sunday Morning 2/Pods-Sunday Morning 2.debug.xcconfig"; sourceTree = "<group>"; };
		5B985E031566FF16B4312CF1 /* Pods_Sunday_Morning_2.framework */ = {isa = PBXFileReference; explicitFileType = wrapper.framework; includeInIndex = 0; path = Pods_Sunday_Morning_2.framework; sourceTree = BUILT_PRODUCTS_DIR; };
		A922ABE7F777C33AB3D11EE0 /* Pods-Sunday Morning 2.release.xcconfig */ = {isa = PBXFileReference; includeInIndex = 1; lastKnownFileType = text.xcconfig; name = "Pods-Sunday Morning 2.release.xcconfig"; path = "Target Support Files/Pods-Sunday Morning 2/Pods-Sunday Morning 2.release.xcconfig"; sourceTree = "<group>"; };
/* End PBXFileReference section */

/* Begin PBXFrameworksBuildPhase section */
		07307E6224B0DD770033D645 /* Frameworks */ = {
			isa = PBXFrameworksBuildPhase;
			buildActionMask = 2147483647;
			files = (
				3EBF058B49513DA8F6555303 /* Pods_Sunday_Morning_2.framework in Frameworks */,
			);
			runOnlyForDeploymentPostprocessing = 0;
		};
/* End PBXFrameworksBuildPhase section */

/* Begin PBXGroup section */
		07307E5C24B0DD770033D645 = {
			isa = PBXGroup;
			children = (
				07307E6724B0DD770033D645 /* Sunday Morning 2 */,
				07307E6624B0DD770033D645 /* Products */,
				99BA84F954BB971C850C25C6 /* Pods */,
				57A7272DD3E5CC8EE084041C /* Frameworks */,
			);
			sourceTree = "<group>";
		};
		07307E6624B0DD770033D645 /* Products */ = {
			isa = PBXGroup;
			children = (
				07307E6524B0DD770033D645 /* Sunday Morning 2.app */,
			);
			name = Products;
			sourceTree = "<group>";
		};
		07307E6724B0DD770033D645 /* Sunday Morning 2 */ = {
			isa = PBXGroup;
			children = (
				07307E9124B106500033D645 /* GoogleService-Info.plist */,
				07307E8024B0DE830033D645 /* ViewModels */,
				07307E7F24B0DE6B0033D645 /* Resources */,
				07307E7E24B0DE600033D645 /* Models */,
				07307E7D24B0DE580033D645 /* Views */,
				07307E7C24B0DE4B0033D645 /* Controllers */,
				07307E7624B0DD790033D645 /* Info.plist */,
				07307EA124B378BD0033D645 /* Constants.swift */,
			);
			path = "Sunday Morning 2";
			sourceTree = "<group>";
		};
		07307E7C24B0DE4B0033D645 /* Controllers */ = {
			isa = PBXGroup;
			children = (
				07D5ACF524B7AFDE0062DD1D /* BookLists */,
				07D5ACF424B7AFC90062DD1D /* Search */,
				07D5ACE524B4D6700062DD1D /* Conversations */,
				07307E8E24B0E0910033D645 /* Login */,
			);
			path = Controllers;
			sourceTree = "<group>";
		};
		07307E7D24B0DE580033D645 /* Views */ = {
			isa = PBXGroup;
			children = (
				07307E8124B0DE980033D645 /* Storyboards */,
				07D5ACF624B7E88E0062DD1D /* ConversationTableViewCell.swift */,
			);
			path = Views;
			sourceTree = "<group>";
		};
		07307E7E24B0DE600033D645 /* Models */ = {
			isa = PBXGroup;
			children = (
				07307E9724B154D90033D645 /* BookManager.swift */,
				07307E9924B154F40033D645 /* BookData.swift */,
				07307E9B24B155130033D645 /* BookModel.swift */,
				07307EA524B3B9D40033D645 /* Book.swift */,
			);
			path = Models;
			sourceTree = "<group>";
		};
		07307E7F24B0DE6B0033D645 /* Resources */ = {
			isa = PBXGroup;
			children = (
				07307E6824B0DD770033D645 /* AppDelegate.swift */,
				07307E6A24B0DD770033D645 /* SceneDelegate.swift */,
				07307E8F24B0E5C20033D645 /* Extensions.swift */,
				07307E9324B1183E0033D645 /* DatabaseManager.swift */,
				07307EA324B3B5600033D645 /* CustomBookListCellTableViewCell.swift */,
				07D5ACDF24B3D1360062DD1D /* HTTPHandler.swift */,
				07D5ACE124B3D3CB0062DD1D /* JSONParser.swift */,
				07D5ACE324B3D8740062DD1D /* BookDataProcesser.swift */,
				07D5ACEA24B4FFF50062DD1D /* CacheManager.swift */,
				07D5ACF024B65EAB0062DD1D /* StorageManager.swift */,
			);
			path = Resources;
			sourceTree = "<group>";
		};
		07307E8024B0DE830033D645 /* ViewModels */ = {
			isa = PBXGroup;
			children = (
			);
			path = ViewModels;
			sourceTree = "<group>";
		};
		07307E8124B0DE980033D645 /* Storyboards */ = {
			isa = PBXGroup;
			children = (
				07D5ACF824B8BB540062DD1D /* Assets.xcassets */,
				07D5ACE824B4FD6A0062DD1D /* Main.storyboard */,
				07307E7324B0DD790033D645 /* LaunchScreen.storyboard */,
				07D5ACFE24BA532F0062DD1D /* SavedBooksTableViewCell.swift */,
				07D5ACFF24BA532F0062DD1D /* SavedBooksTableViewCell.xib */,
			);
			path = Storyboards;
			sourceTree = "<group>";
		};
		07307E8E24B0E0910033D645 /* Login */ = {
			isa = PBXGroup;
			children = (
				07307E8224B0DF6D0033D645 /* LoginViewController.swift */,
				07307E8C24B0DFD00033D645 /* ProfileViewController.swift */,
				07307E8424B0DF790033D645 /* RegisterViewController.swift */,
			);
			path = Login;
			sourceTree = "<group>";
		};
		07D5ACE524B4D6700062DD1D /* Conversations */ = {
			isa = PBXGroup;
			children = (
				07D5ACEE24B64D4E0062DD1D /* ChatViewController.swift */,
				07D5ACEC24B646C50062DD1D /* ConversationsViewController.swift */,
				07307E8624B0DF9B0033D645 /* PhotoViewerViewController.swift */,
				07307E8A24B0DFC20033D645 /* NewConversationViewController.swift */,
				07307E8824B0DFA40033D645 /* VideoPlayerViewController.swift */,
			);
			path = Conversations;
			sourceTree = "<group>";
		};
		07D5ACF424B7AFC90062DD1D /* Search */ = {
			isa = PBXGroup;
			children = (
				07307E9524B153C20033D645 /* SearchViewController.swift */,
				07D5ACE624B4D91C0062DD1D /* BookDetailsPageViewController.swift */,
			);
			path = Search;
			sourceTree = "<group>";
		};
		07D5ACF524B7AFDE0062DD1D /* BookLists */ = {
			isa = PBXGroup;
			children = (
				07307E6C24B0DD770033D645 /* AllSavedBooksViewController.swift */,
				07D5ACF224B686F70062DD1D /* AllUserBooksViewController.swift */,
				07D5AD0224BA61E80062DD1D /* SavedBookDetailsViewController.swift */,
				079A687224BCF41900C1D70C /* UnreadBooksViewController.swift */,
			);
			path = BookLists;
			sourceTree = "<group>";
		};
		57A7272DD3E5CC8EE084041C /* Frameworks */ = {
			isa = PBXGroup;
			children = (
				5B985E031566FF16B4312CF1 /* Pods_Sunday_Morning_2.framework */,
			);
			name = Frameworks;
			sourceTree = "<group>";
		};
		99BA84F954BB971C850C25C6 /* Pods */ = {
			isa = PBXGroup;
			children = (
				2986CA07FF0A37AA22848016 /* Pods-Sunday Morning 2.debug.xcconfig */,
				A922ABE7F777C33AB3D11EE0 /* Pods-Sunday Morning 2.release.xcconfig */,
			);
			path = Pods;
			sourceTree = "<group>";
		};
/* End PBXGroup section */

/* Begin PBXNativeTarget section */
		07307E6424B0DD770033D645 /* Sunday Morning 2 */ = {
			isa = PBXNativeTarget;
			buildConfigurationList = 07307E7924B0DD790033D645 /* Build configuration list for PBXNativeTarget "Sunday Morning 2" */;
			buildPhases = (
				4627D6AA5FE3C6D76E13EB54 /* [CP] Check Pods Manifest.lock */,
				07307E6124B0DD770033D645 /* Sources */,
				07307E6224B0DD770033D645 /* Frameworks */,
				07307E6324B0DD770033D645 /* Resources */,
				5DB846D862DBE5D659E27A6D /* [CP] Embed Pods Frameworks */,
				CA09788DCFF74266A330EAC1 /* [CP] Copy Pods Resources */,
			);
			buildRules = (
			);
			dependencies = (
			);
			name = "Sunday Morning 2";
			productName = "Sunday Morning 2";
			productReference = 07307E6524B0DD770033D645 /* Sunday Morning 2.app */;
			productType = "com.apple.product-type.application";
		};
/* End PBXNativeTarget section */

/* Begin PBXProject section */
		07307E5D24B0DD770033D645 /* Project object */ = {
			isa = PBXProject;
			attributes = {
				LastSwiftUpdateCheck = 1150;
				LastUpgradeCheck = 1150;
				ORGANIZATIONNAME = "Corinna Fabre";
				TargetAttributes = {
					07307E6424B0DD770033D645 = {
						CreatedOnToolsVersion = 11.5;
					};
				};
			};
			buildConfigurationList = 07307E6024B0DD770033D645 /* Build configuration list for PBXProject "Sunday Morning 2" */;
			compatibilityVersion = "Xcode 9.3";
			developmentRegion = en;
			hasScannedForEncodings = 0;
			knownRegions = (
				en,
				Base,
			);
			mainGroup = 07307E5C24B0DD770033D645;
			productRefGroup = 07307E6624B0DD770033D645 /* Products */;
			projectDirPath = "";
			projectRoot = "";
			targets = (
				07307E6424B0DD770033D645 /* Sunday Morning 2 */,
			);
		};
/* End PBXProject section */

/* Begin PBXResourcesBuildPhase section */
		07307E6324B0DD770033D645 /* Resources */ = {
			isa = PBXResourcesBuildPhase;
			buildActionMask = 2147483647;
			files = (
				07307E7524B0DD790033D645 /* LaunchScreen.storyboard in Resources */,
				07307E9224B106500033D645 /* GoogleService-Info.plist in Resources */,
				07D5AD0124BA532F0062DD1D /* SavedBooksTableViewCell.xib in Resources */,
				07D5ACF924B8BB540062DD1D /* Assets.xcassets in Resources */,
				07D5ACE924B4FD6A0062DD1D /* Main.storyboard in Resources */,
			);
			runOnlyForDeploymentPostprocessing = 0;
		};
/* End PBXResourcesBuildPhase section */

/* Begin PBXShellScriptBuildPhase section */
		4627D6AA5FE3C6D76E13EB54 /* [CP] Check Pods Manifest.lock */ = {
			isa = PBXShellScriptBuildPhase;
			buildActionMask = 2147483647;
			files = (
			);
			inputFileListPaths = (
			);
			inputPaths = (
				"${PODS_PODFILE_DIR_PATH}/Podfile.lock",
				"${PODS_ROOT}/Manifest.lock",
			);
			name = "[CP] Check Pods Manifest.lock";
			outputFileListPaths = (
			);
			outputPaths = (
				"$(DERIVED_FILE_DIR)/Pods-Sunday Morning 2-checkManifestLockResult.txt",
			);
			runOnlyForDeploymentPostprocessing = 0;
			shellPath = /bin/sh;
			shellScript = "diff \"${PODS_PODFILE_DIR_PATH}/Podfile.lock\" \"${PODS_ROOT}/Manifest.lock\" > /dev/null\nif [ $? != 0 ] ; then\n    # print error to STDERR\n    echo \"error: The sandbox is not in sync with the Podfile.lock. Run 'pod install' or update your CocoaPods installation.\" >&2\n    exit 1\nfi\n# This output is used by Xcode 'outputs' to avoid re-running this script phase.\necho \"SUCCESS\" > \"${SCRIPT_OUTPUT_FILE_0}\"\n";
			showEnvVarsInLog = 0;
		};
		5DB846D862DBE5D659E27A6D /* [CP] Embed Pods Frameworks */ = {
			isa = PBXShellScriptBuildPhase;
			buildActionMask = 2147483647;
			files = (
			);
			inputFileListPaths = (
				"${PODS_ROOT}/Target Support Files/Pods-Sunday Morning 2/Pods-Sunday Morning 2-frameworks-${CONFIGURATION}-input-files.xcfilelist",
			);
			name = "[CP] Embed Pods Frameworks";
			outputFileListPaths = (
				"${PODS_ROOT}/Target Support Files/Pods-Sunday Morning 2/Pods-Sunday Morning 2-frameworks-${CONFIGURATION}-output-files.xcfilelist",
			);
			runOnlyForDeploymentPostprocessing = 0;
			shellPath = /bin/sh;
			shellScript = "\"${PODS_ROOT}/Target Support Files/Pods-Sunday Morning 2/Pods-Sunday Morning 2-frameworks.sh\"\n";
			showEnvVarsInLog = 0;
		};
		CA09788DCFF74266A330EAC1 /* [CP] Copy Pods Resources */ = {
			isa = PBXShellScriptBuildPhase;
			buildActionMask = 2147483647;
			files = (
			);
			inputFileListPaths = (
				"${PODS_ROOT}/Target Support Files/Pods-Sunday Morning 2/Pods-Sunday Morning 2-resources-${CONFIGURATION}-input-files.xcfilelist",
			);
			name = "[CP] Copy Pods Resources";
			outputFileListPaths = (
				"${PODS_ROOT}/Target Support Files/Pods-Sunday Morning 2/Pods-Sunday Morning 2-resources-${CONFIGURATION}-output-files.xcfilelist",
			);
			runOnlyForDeploymentPostprocessing = 0;
			shellPath = /bin/sh;
			shellScript = "\"${PODS_ROOT}/Target Support Files/Pods-Sunday Morning 2/Pods-Sunday Morning 2-resources.sh\"\n";
			showEnvVarsInLog = 0;
		};
/* End PBXShellScriptBuildPhase section */

/* Begin PBXSourcesBuildPhase section */
		07307E6124B0DD770033D645 /* Sources */ = {
			isa = PBXSourcesBuildPhase;
			buildActionMask = 2147483647;
			files = (
				07307E9C24B155130033D645 /* BookModel.swift in Sources */,
				07D5ACF324B686F70062DD1D /* AllUserBooksViewController.swift in Sources */,
				07307E9824B154D90033D645 /* BookManager.swift in Sources */,
				07307E8324B0DF6D0033D645 /* LoginViewController.swift in Sources */,
				07D5AD0324BA61E80062DD1D /* SavedBookDetailsViewController.swift in Sources */,
				07307E9424B1183E0033D645 /* DatabaseManager.swift in Sources */,
				07307E8524B0DF790033D645 /* RegisterViewController.swift in Sources */,
				07307E8B24B0DFC20033D645 /* NewConversationViewController.swift in Sources */,
				07D5ACEB24B4FFF50062DD1D /* CacheManager.swift in Sources */,
				07D5ACE224B3D3CB0062DD1D /* JSONParser.swift in Sources */,
				07307E6D24B0DD770033D645 /* AllSavedBooksViewController.swift in Sources */,
				07D5ACE024B3D1360062DD1D /* HTTPHandler.swift in Sources */,
				07D5ACED24B646C50062DD1D /* ConversationsViewController.swift in Sources */,
				07307EA224B378BD0033D645 /* Constants.swift in Sources */,
				07307E8924B0DFA40033D645 /* VideoPlayerViewController.swift in Sources */,
				07307E9624B153C20033D645 /* SearchViewController.swift in Sources */,
				07307E9A24B154F40033D645 /* BookData.swift in Sources */,
				07307E9024B0E5C20033D645 /* Extensions.swift in Sources */,
				07307EA424B3B5600033D645 /* CustomBookListCellTableViewCell.swift in Sources */,
				07D5ACE724B4D91C0062DD1D /* BookDetailsPageViewController.swift in Sources */,
				07D5ACEF24B64D4E0062DD1D /* ChatViewController.swift in Sources */,
				07307E6924B0DD770033D645 /* AppDelegate.swift in Sources */,
				07307EA624B3B9D40033D645 /* Book.swift in Sources */,
				07D5ACE424B3D8740062DD1D /* BookDataProcesser.swift in Sources */,
				07307E8D24B0DFD00033D645 /* ProfileViewController.swift in Sources */,
				079A687324BCF41900C1D70C /* UnreadBooksViewController.swift in Sources */,
				07D5ACF724B7E88E0062DD1D /* ConversationTableViewCell.swift in Sources */,
				07307E6B24B0DD770033D645 /* SceneDelegate.swift in Sources */,
				07307E8724B0DF9B0033D645 /* PhotoViewerViewController.swift in Sources */,
				07D5AD0024BA532F0062DD1D /* SavedBooksTableViewCell.swift in Sources */,
				07D5ACF124B65EAB0062DD1D /* StorageManager.swift in Sources */,
			);
			runOnlyForDeploymentPostprocessing = 0;
		};
/* End PBXSourcesBuildPhase section */

/* Begin PBXVariantGroup section */
		07307E7324B0DD790033D645 /* LaunchScreen.storyboard */ = {
			isa = PBXVariantGroup;
			children = (
				07307E7424B0DD790033D645 /* Base */,
			);
			name = LaunchScreen.storyboard;
			sourceTree = "<group>";
		};
/* End PBXVariantGroup section */

/* Begin XCBuildConfiguration section */
		07307E7724B0DD790033D645 /* Debug */ = {
			isa = XCBuildConfiguration;
			buildSettings = {
				ALWAYS_SEARCH_USER_PATHS = NO;
				CLANG_ANALYZER_NONNULL = YES;
				CLANG_ANALYZER_NUMBER_OBJECT_CONVERSION = YES_AGGRESSIVE;
				CLANG_CXX_LANGUAGE_STANDARD = "gnu++14";
				CLANG_CXX_LIBRARY = "libc++";
				CLANG_ENABLE_MODULES = YES;
				CLANG_ENABLE_OBJC_ARC = YES;
				CLANG_ENABLE_OBJC_WEAK = YES;
				CLANG_WARN_BLOCK_CAPTURE_AUTORELEASING = YES;
				CLANG_WARN_BOOL_CONVERSION = YES;
				CLANG_WARN_COMMA = YES;
				CLANG_WARN_CONSTANT_CONVERSION = YES;
				CLANG_WARN_DEPRECATED_OBJC_IMPLEMENTATIONS = YES;
				CLANG_WARN_DIRECT_OBJC_ISA_USAGE = YES_ERROR;
				CLANG_WARN_DOCUMENTATION_COMMENTS = YES;
				CLANG_WARN_EMPTY_BODY = YES;
				CLANG_WARN_ENUM_CONVERSION = YES;
				CLANG_WARN_INFINITE_RECURSION = YES;
				CLANG_WARN_INT_CONVERSION = YES;
				CLANG_WARN_NON_LITERAL_NULL_CONVERSION = YES;
				CLANG_WARN_OBJC_IMPLICIT_RETAIN_SELF = YES;
				CLANG_WARN_OBJC_LITERAL_CONVERSION = YES;
				CLANG_WARN_OBJC_ROOT_CLASS = YES_ERROR;
				CLANG_WARN_RANGE_LOOP_ANALYSIS = YES;
				CLANG_WARN_STRICT_PROTOTYPES = YES;
				CLANG_WARN_SUSPICIOUS_MOVE = YES;
				CLANG_WARN_UNGUARDED_AVAILABILITY = YES_AGGRESSIVE;
				CLANG_WARN_UNREACHABLE_CODE = YES;
				CLANG_WARN__DUPLICATE_METHOD_MATCH = YES;
				COPY_PHASE_STRIP = NO;
				DEBUG_INFORMATION_FORMAT = dwarf;
				ENABLE_STRICT_OBJC_MSGSEND = YES;
				ENABLE_TESTABILITY = YES;
				GCC_C_LANGUAGE_STANDARD = gnu11;
				GCC_DYNAMIC_NO_PIC = NO;
				GCC_NO_COMMON_BLOCKS = YES;
				GCC_OPTIMIZATION_LEVEL = 0;
				GCC_PREPROCESSOR_DEFINITIONS = (
					"DEBUG=1",
					"$(inherited)",
				);
				GCC_WARN_64_TO_32_BIT_CONVERSION = YES;
				GCC_WARN_ABOUT_RETURN_TYPE = YES_ERROR;
				GCC_WARN_UNDECLARED_SELECTOR = YES;
				GCC_WARN_UNINITIALIZED_AUTOS = YES_AGGRESSIVE;
				GCC_WARN_UNUSED_FUNCTION = YES;
				GCC_WARN_UNUSED_VARIABLE = YES;
				IPHONEOS_DEPLOYMENT_TARGET = 13.5;
				MTL_ENABLE_DEBUG_INFO = INCLUDE_SOURCE;
				MTL_FAST_MATH = YES;
				ONLY_ACTIVE_ARCH = YES;
				SDKROOT = iphoneos;
				SWIFT_ACTIVE_COMPILATION_CONDITIONS = DEBUG;
				SWIFT_OPTIMIZATION_LEVEL = "-Onone";
			};
			name = Debug;
		};
		07307E7824B0DD790033D645 /* Release */ = {
			isa = XCBuildConfiguration;
			buildSettings = {
				ALWAYS_SEARCH_USER_PATHS = NO;
				CLANG_ANALYZER_NONNULL = YES;
				CLANG_ANALYZER_NUMBER_OBJECT_CONVERSION = YES_AGGRESSIVE;
				CLANG_CXX_LANGUAGE_STANDARD = "gnu++14";
				CLANG_CXX_LIBRARY = "libc++";
				CLANG_ENABLE_MODULES = YES;
				CLANG_ENABLE_OBJC_ARC = YES;
				CLANG_ENABLE_OBJC_WEAK = YES;
				CLANG_WARN_BLOCK_CAPTURE_AUTORELEASING = YES;
				CLANG_WARN_BOOL_CONVERSION = YES;
				CLANG_WARN_COMMA = YES;
				CLANG_WARN_CONSTANT_CONVERSION = YES;
				CLANG_WARN_DEPRECATED_OBJC_IMPLEMENTATIONS = YES;
				CLANG_WARN_DIRECT_OBJC_ISA_USAGE = YES_ERROR;
				CLANG_WARN_DOCUMENTATION_COMMENTS = YES;
				CLANG_WARN_EMPTY_BODY = YES;
				CLANG_WARN_ENUM_CONVERSION = YES;
				CLANG_WARN_INFINITE_RECURSION = YES;
				CLANG_WARN_INT_CONVERSION = YES;
				CLANG_WARN_NON_LITERAL_NULL_CONVERSION = YES;
				CLANG_WARN_OBJC_IMPLICIT_RETAIN_SELF = YES;
				CLANG_WARN_OBJC_LITERAL_CONVERSION = YES;
				CLANG_WARN_OBJC_ROOT_CLASS = YES_ERROR;
				CLANG_WARN_RANGE_LOOP_ANALYSIS = YES;
				CLANG_WARN_STRICT_PROTOTYPES = YES;
				CLANG_WARN_SUSPICIOUS_MOVE = YES;
				CLANG_WARN_UNGUARDED_AVAILABILITY = YES_AGGRESSIVE;
				CLANG_WARN_UNREACHABLE_CODE = YES;
				CLANG_WARN__DUPLICATE_METHOD_MATCH = YES;
				COPY_PHASE_STRIP = NO;
				DEBUG_INFORMATION_FORMAT = "dwarf-with-dsym";
				ENABLE_NS_ASSERTIONS = NO;
				ENABLE_STRICT_OBJC_MSGSEND = YES;
				GCC_C_LANGUAGE_STANDARD = gnu11;
				GCC_NO_COMMON_BLOCKS = YES;
				GCC_WARN_64_TO_32_BIT_CONVERSION = YES;
				GCC_WARN_ABOUT_RETURN_TYPE = YES_ERROR;
				GCC_WARN_UNDECLARED_SELECTOR = YES;
				GCC_WARN_UNINITIALIZED_AUTOS = YES_AGGRESSIVE;
				GCC_WARN_UNUSED_FUNCTION = YES;
				GCC_WARN_UNUSED_VARIABLE = YES;
				IPHONEOS_DEPLOYMENT_TARGET = 13.5;
				MTL_ENABLE_DEBUG_INFO = NO;
				MTL_FAST_MATH = YES;
				SDKROOT = iphoneos;
				SWIFT_COMPILATION_MODE = wholemodule;
				SWIFT_OPTIMIZATION_LEVEL = "-O";
				VALIDATE_PRODUCT = YES;
			};
			name = Release;
		};
		07307E7A24B0DD790033D645 /* Debug */ = {
			isa = XCBuildConfiguration;
			baseConfigurationReference = 2986CA07FF0A37AA22848016 /* Pods-Sunday Morning 2.debug.xcconfig */;
			buildSettings = {
				ASSETCATALOG_COMPILER_APPICON_NAME = AppIcon;
				CODE_SIGN_STYLE = Automatic;
				DEVELOPMENT_TEAM = RU762F3RY7;
				INFOPLIST_FILE = "Sunday Morning 2/Info.plist";
				LD_RUNPATH_SEARCH_PATHS = (
					"$(inherited)",
					"@executable_path/Frameworks",
				);
				PRODUCT_BUNDLE_IDENTIFIER = "com.corinna.Sunday-Morning-2";
				PRODUCT_NAME = "$(TARGET_NAME)";
				SWIFT_VERSION = 5.0;
				TARGETED_DEVICE_FAMILY = "1,2";
			};
			name = Debug;
		};
		07307E7B24B0DD790033D645 /* Release */ = {
			isa = XCBuildConfiguration;
			baseConfigurationReference = A922ABE7F777C33AB3D11EE0 /* Pods-Sunday Morning 2.release.xcconfig */;
			buildSettings = {
				ASSETCATALOG_COMPILER_APPICON_NAME = AppIcon;
				CODE_SIGN_STYLE = Automatic;
				DEVELOPMENT_TEAM = RU762F3RY7;
				INFOPLIST_FILE = "Sunday Morning 2/Info.plist";
				LD_RUNPATH_SEARCH_PATHS = (
					"$(inherited)",
					"@executable_path/Frameworks",
				);
				PRODUCT_BUNDLE_IDENTIFIER = "com.corinna.Sunday-Morning-2";
				PRODUCT_NAME = "$(TARGET_NAME)";
				SWIFT_VERSION = 5.0;
				TARGETED_DEVICE_FAMILY = "1,2";
			};
			name = Release;
		};
/* End XCBuildConfiguration section */

/* Begin XCConfigurationList section */
		07307E6024B0DD770033D645 /* Build configuration list for PBXProject "Sunday Morning 2" */ = {
			isa = XCConfigurationList;
			buildConfigurations = (
				07307E7724B0DD790033D645 /* Debug */,
				07307E7824B0DD790033D645 /* Release */,
			);
			defaultConfigurationIsVisible = 0;
			defaultConfigurationName = Release;
		};
		07307E7924B0DD790033D645 /* Build configuration list for PBXNativeTarget "Sunday Morning 2" */ = {
			isa = XCConfigurationList;
			buildConfigurations = (
				07307E7A24B0DD790033D645 /* Debug */,
				07307E7B24B0DD790033D645 /* Release */,
			);
			defaultConfigurationIsVisible = 0;
			defaultConfigurationName = Release;
		};
/* End XCConfigurationList section */
	};
	rootObject = 07307E5D24B0DD770033D645 /* Project object */;
}
